// !$*UTF8*$!
{
	archiveVersion = 1;
	classes = {
	};
	objectVersion = 77;
	objects = {

/* Begin PBXContainerItemProxy section */
		9938AF7D2D1E96B00090977E /* PBXContainerItemProxy */ = {
			isa = PBXContainerItemProxy;
			containerPortal = 9938AF5E2D1E96AF0090977E /* Project object */;
			proxyType = 1;
			remoteGlobalIDString = 9938AF652D1E96AF0090977E;
			remoteInfo = PokeDexApp;
		};
		9938AF872D1E96B00090977E /* PBXContainerItemProxy */ = {
			isa = PBXContainerItemProxy;
			containerPortal = 9938AF5E2D1E96AF0090977E /* Project object */;
			proxyType = 1;
			remoteGlobalIDString = 9938AF652D1E96AF0090977E;
			remoteInfo = PokeDexApp;
		};
/* End PBXContainerItemProxy section */

/* Begin PBXFileReference section */
		9938AF662D1E96AF0090977E /* PokeDexApp.app */ = {isa = PBXFileReference; explicitFileType = wrapper.application; includeInIndex = 0; path = PokeDexApp.app; sourceTree = BUILT_PRODUCTS_DIR; };
		9938AF7C2D1E96B00090977E /* PokeDexAppTests.xctest */ = {isa = PBXFileReference; explicitFileType = wrapper.cfbundle; includeInIndex = 0; path = PokeDexAppTests.xctest; sourceTree = BUILT_PRODUCTS_DIR; };
		9938AF862D1E96B00090977E /* PokeDexAppUITests.xctest */ = {isa = PBXFileReference; explicitFileType = wrapper.cfbundle; includeInIndex = 0; path = PokeDexAppUITests.xctest; sourceTree = BUILT_PRODUCTS_DIR; };
/* End PBXFileReference section */

/* Begin PBXFileSystemSynchronizedBuildFileExceptionSet section */
		9938AF8E2D1E96B00090977E /* Exceptions for "PokeDexApp" folder in "PokeDexApp" target */ = {
			isa = PBXFileSystemSynchronizedBuildFileExceptionSet;
			membershipExceptions = (
				Info.plist,
			);
			target = 9938AF652D1E96AF0090977E /* PokeDexApp */;
		};
/* End PBXFileSystemSynchronizedBuildFileExceptionSet section */

/* Begin PBXFileSystemSynchronizedRootGroup section */
		9938AF682D1E96AF0090977E /* PokeDexApp */ = {
			isa = PBXFileSystemSynchronizedRootGroup;
			exceptions = (
				9938AF8E2D1E96B00090977E /* Exceptions for "PokeDexApp" folder in "PokeDexApp" target */,
			);
			path = PokeDexApp;
			sourceTree = "<group>";
		};
		9938AF7F2D1E96B00090977E /* PokeDexAppTests */ = {
			isa = PBXFileSystemSynchronizedRootGroup;
			path = PokeDexAppTests;
			sourceTree = "<group>";
		};
		9938AF892D1E96B00090977E /* PokeDexAppUITests */ = {
			isa = PBXFileSystemSynchronizedRootGroup;
			path = PokeDexAppUITests;
			sourceTree = "<group>";
		};
/* End PBXFileSystemSynchronizedRootGroup section */

/* Begin PBXFrameworksBuildPhase section */
		9938AF632D1E96AF0090977E /* Frameworks */ = {
			isa = PBXFrameworksBuildPhase;
			buildActionMask = 2147483647;
			files = (
			);
			runOnlyForDeploymentPostprocessing = 0;
		};
		9938AF792D1E96B00090977E /* Frameworks */ = {
			isa = PBXFrameworksBuildPhase;
			buildActionMask = 2147483647;
			files = (
			);
			runOnlyForDeploymentPostprocessing = 0;
		};
		9938AF832D1E96B00090977E /* Frameworks */ = {
			isa = PBXFrameworksBuildPhase;
			buildActionMask = 2147483647;
			files = (
			);
			runOnlyForDeploymentPostprocessing = 0;
		};
/* End PBXFrameworksBuildPhase section */

/* Begin PBXGroup section */
		9938AF5D2D1E96AF0090977E = {
			isa = PBXGroup;
			children = (
				9938AF682D1E96AF0090977E /* PokeDexApp */,
				9938AF7F2D1E96B00090977E /* PokeDexAppTests */,
				9938AF892D1E96B00090977E /* PokeDexAppUITests */,
				9938AF672D1E96AF0090977E /* Products */,
			);
			sourceTree = "<group>";
		};
		9938AF672D1E96AF0090977E /* Products */ = {
			isa = PBXGroup;
			children = (
				9938AF662D1E96AF0090977E /* PokeDexApp.app */,
				9938AF7C2D1E96B00090977E /* PokeDexAppTests.xctest */,
				9938AF862D1E96B00090977E /* PokeDexAppUITests.xctest */,
			);
			name = Products;
			sourceTree = "<group>";
		};
/* End PBXGroup section */

/* Begin PBXNativeTarget section */
		9938AF652D1E96AF0090977E /* PokeDexApp */ = {
			isa = PBXNativeTarget;
			buildConfigurationList = 9938AF8F2D1E96B00090977E /* Build configuration list for PBXNativeTarget "PokeDexApp" */;
			buildPhases = (
				9938AF622D1E96AF0090977E /* Sources */,
				9938AF632D1E96AF0090977E /* Frameworks */,
				9938AF642D1E96AF0090977E /* Resources */,
			);
			buildRules = (
			);
			dependencies = (
			);
			fileSystemSynchronizedGroups = (
				9938AF682D1E96AF0090977E /* PokeDexApp */,
			);
			name = PokeDexApp;
			packageProductDependencies = (
			);
			productName = PokeDexApp;
			productReference = 9938AF662D1E96AF0090977E /* PokeDexApp.app */;
			productType = "com.apple.product-type.application";
		};
		9938AF7B2D1E96B00090977E /* PokeDexAppTests */ = {
			isa = PBXNativeTarget;
			buildConfigurationList = 9938AF942D1E96B00090977E /* Build configuration list for PBXNativeTarget "PokeDexAppTests" */;
			buildPhases = (
				9938AF782D1E96B00090977E /* Sources */,
				9938AF792D1E96B00090977E /* Frameworks */,
				9938AF7A2D1E96B00090977E /* Resources */,
			);
			buildRules = (
			);
			dependencies = (
				9938AF7E2D1E96B00090977E /* PBXTargetDependency */,
			);
			fileSystemSynchronizedGroups = (
				9938AF7F2D1E96B00090977E /* PokeDexAppTests */,
			);
			name = PokeDexAppTests;
			packageProductDependencies = (
			);
			productName = PokeDexAppTests;
			productReference = 9938AF7C2D1E96B00090977E /* PokeDexAppTests.xctest */;
			productType = "com.apple.product-type.bundle.unit-test";
		};
		9938AF852D1E96B00090977E /* PokeDexAppUITests */ = {
			isa = PBXNativeTarget;
			buildConfigurationList = 9938AF972D1E96B00090977E /* Build configuration list for PBXNativeTarget "PokeDexAppUITests" */;
			buildPhases = (
				9938AF822D1E96B00090977E /* Sources */,
				9938AF832D1E96B00090977E /* Frameworks */,
				9938AF842D1E96B00090977E /* Resources */,
			);
			buildRules = (
			);
			dependencies = (
				9938AF882D1E96B00090977E /* PBXTargetDependency */,
			);
			fileSystemSynchronizedGroups = (
				9938AF892D1E96B00090977E /* PokeDexAppUITests */,
			);
			name = PokeDexAppUITests;
			packageProductDependencies = (
			);
			productName = PokeDexAppUITests;
			productReference = 9938AF862D1E96B00090977E /* PokeDexAppUITests.xctest */;
			productType = "com.apple.product-type.bundle.ui-testing";
		};
/* End PBXNativeTarget section */

/* Begin PBXProject section */
		9938AF5E2D1E96AF0090977E /* Project object */ = {
			isa = PBXProject;
			attributes = {
				BuildIndependentTargetsInParallel = 1;
				LastSwiftUpdateCheck = 1610;
				LastUpgradeCheck = 1610;
				TargetAttributes = {
					9938AF652D1E96AF0090977E = {
						CreatedOnToolsVersion = 16.1;
					};
					9938AF7B2D1E96B00090977E = {
						CreatedOnToolsVersion = 16.1;
						TestTargetID = 9938AF652D1E96AF0090977E;
					};
					9938AF852D1E96B00090977E = {
						CreatedOnToolsVersion = 16.1;
						TestTargetID = 9938AF652D1E96AF0090977E;
					};
				};
			};
			buildConfigurationList = 9938AF612D1E96AF0090977E /* Build configuration list for PBXProject "PokeDexApp" */;
			developmentRegion = en;
			hasScannedForEncodings = 0;
			knownRegions = (
				en,
				Base,
			);
			mainGroup = 9938AF5D2D1E96AF0090977E;
			minimizedProjectReferenceProxies = 1;
			preferredProjectObjectVersion = 77;
			productRefGroup = 9938AF672D1E96AF0090977E /* Products */;
			projectDirPath = "";
			projectRoot = "";
			targets = (
				9938AF652D1E96AF0090977E /* PokeDexApp */,
				9938AF7B2D1E96B00090977E /* PokeDexAppTests */,
				9938AF852D1E96B00090977E /* PokeDexAppUITests */,
			);
		};
/* End PBXProject section */

/* Begin PBXResourcesBuildPhase section */
		9938AF642D1E96AF0090977E /* Resources */ = {
			isa = PBXResourcesBuildPhase;
			buildActionMask = 2147483647;
			files = (
			);
			runOnlyForDeploymentPostprocessing = 0;
		};
		9938AF7A2D1E96B00090977E /* Resources */ = {
			isa = PBXResourcesBuildPhase;
			buildActionMask = 2147483647;
			files = (
			);
			runOnlyForDeploymentPostprocessing = 0;
		};
		9938AF842D1E96B00090977E /* Resources */ = {
			isa = PBXResourcesBuildPhase;
			buildActionMask = 2147483647;
			files = (
			);
			runOnlyForDeploymentPostprocessing = 0;
		};
/* End PBXResourcesBuildPhase section */

/* Begin PBXSourcesBuildPhase section */
		9938AF622D1E96AF0090977E /* Sources */ = {
			isa = PBXSourcesBuildPhase;
			buildActionMask = 2147483647;
			files = (
			);
			runOnlyForDeploymentPostprocessing = 0;
		};
		9938AF782D1E96B00090977E /* Sources */ = {
			isa = PBXSourcesBuildPhase;
			buildActionMask = 2147483647;
			files = (
			);
			runOnlyForDeploymentPostprocessing = 0;
		};
		9938AF822D1E96B00090977E /* Sources */ = {
			isa = PBXSourcesBuildPhase;
			buildActionMask = 2147483647;
			files = (
			);
			runOnlyForDeploymentPostprocessing = 0;
		};
/* End PBXSourcesBuildPhase section */

/* Begin PBXTargetDependency section */
		9938AF7E2D1E96B00090977E /* PBXTargetDependency */ = {
			isa = PBXTargetDependency;
			target = 9938AF652D1E96AF0090977E /* PokeDexApp */;
			targetProxy = 9938AF7D2D1E96B00090977E /* PBXContainerItemProxy */;
		};
		9938AF882D1E96B00090977E /* PBXTargetDependency */ = {
			isa = PBXTargetDependency;
			target = 9938AF652D1E96AF0090977E /* PokeDexApp */;
			targetProxy = 9938AF872D1E96B00090977E /* PBXContainerItemProxy */;
		};
/* End PBXTargetDependency section */

/* Begin XCBuildConfiguration section */
		9938AF902D1E96B00090977E /* Debug */ = {
			isa = XCBuildConfiguration;
			buildSettings = {
				ASSETCATALOG_COMPILER_APPICON_NAME = AppIcon;
				ASSETCATALOG_COMPILER_GLOBAL_ACCENT_COLOR_NAME = AccentColor;
				CODE_SIGN_STYLE = Automatic;
				CURRENT_PROJECT_VERSION = 1;
				DEVELOPMENT_TEAM = 63SB2B8YJ5;
				GENERATE_INFOPLIST_FILE = YES;
				INFOPLIST_FILE = PokeDexApp/Info.plist;
				INFOPLIST_KEY_UIApplicationSupportsIndirectInputEvents = YES;
				INFOPLIST_KEY_UILaunchStoryboardName = LaunchScreen;
				INFOPLIST_KEY_UIMainStoryboardFile = Main;
				INFOPLIST_KEY_UISupportedInterfaceOrientations_iPad = "UIInterfaceOrientationPortrait UIInterfaceOrientationPortraitUpsideDown UIInterfaceOrientationLandscapeLeft UIInterfaceOrientationLandscapeRight";
				INFOPLIST_KEY_UISupportedInterfaceOrientations_iPhone = "UIInterfaceOrientationPortrait UIInterfaceOrientationLandscapeLeft UIInterfaceOrientationLandscapeRight";
				LD_RUNPATH_SEARCH_PATHS = (
					"$(inherited)",
					"@executable_path/Frameworks",
				);
				MARKETING_VERSION = 1.0;
				PRODUCT_BUNDLE_IDENTIFIER = HwangSeokBeom.PokeDexApp;
				PRODUCT_NAME = "$(TARGET_NAME)";
				SWIFT_EMIT_LOC_STRINGS = YES;
				SWIFT_VERSION = 5.0;
				TARGETED_DEVICE_FAMILY = "1,2";
			};
			name = Debug;
		};
		9938AF912D1E96B00090977E /* Release */ = {
			isa = XCBuildConfiguration;
			buildSettings = {
				ASSETCATALOG_COMPILER_APPICON_NAME = AppIcon;
				ASSETCATALOG_COMPILER_GLOBAL_ACCENT_COLOR_NAME = AccentColor;
				CODE_SIGN_STYLE = Automatic;
				CURRENT_PROJECT_VERSION = 1;
				DEVELOPMENT_TEAM = 63SB2B8YJ5;
				GENERATE_INFOPLIST_FILE = YES;
				INFOPLIST_FILE = PokeDexApp/Info.plist;
				INFOPLIST_KEY_UIApplicationSupportsIndirectInputEvents = YES;
				INFOPLIST_KEY_UILaunchStoryboardName = LaunchScreen;
				INFOPLIST_KEY_UIMainStoryboardFile = Main;
				INFOPLIST_KEY_UISupportedInterfaceOrientations_iPad = "UIInterfaceOrientationPortrait UIInterfaceOrientationPortraitUpsideDown UIInterfaceOrientationLandscapeLeft UIInterfaceOrientationLandscapeRight";
				INFOPLIST_KEY_UISupportedInterfaceOrientations_iPhone = "UIInterfaceOrientationPortrait UIInterfaceOrientationLandscapeLeft UIInterfaceOrientationLandscapeRight";
				LD_RUNPATH_SEARCH_PATHS = (
					"$(inherited)",
					"@executable_path/Frameworks",
				);
				MARKETING_VERSION = 1.0;
				PRODUCT_BUNDLE_IDENTIFIER = HwangSeokBeom.PokeDexApp;
				PRODUCT_NAME = "$(TARGET_NAME)";
				SWIFT_EMIT_LOC_STRINGS = YES;
				SWIFT_VERSION = 5.0;
				TARGETED_DEVICE_FAMILY = "1,2";
			};
			name = Release;
		};
		9938AF922D1E96B00090977E /* Debug */ = {
			isa = XCBuildConfiguration;
			buildSettings = {
				ALWAYS_SEARCH_USER_PATHS = NO;
				ASSETCATALOG_COMPILER_GENERATE_SWIFT_ASSET_SYMBOL_EXTENSIONS = YES;
				CLANG_ANALYZER_NONNULL = YES;
				CLANG_ANALYZER_NUMBER_OBJECT_CONVERSION = YES_AGGRESSIVE;
				CLANG_CXX_LANGUAGE_STANDARD = "gnu++20";
				CLANG_ENABLE_MODULES = YES;
				CLANG_ENABLE_OBJC_ARC = YES;
				CLANG_ENABLE_OBJC_WEAK = YES;
				CLANG_WARN_BLOCK_CAPTURE_AUTORELEASING = YES;
				CLANG_WARN_BOOL_CONVERSION = YES;
				CLANG_WARN_COMMA = YES;
				CLANG_WARN_CONSTANT_CONVERSION = YES;
				CLANG_WARN_DEPRECATED_OBJC_IMPLEMENTATIONS = YES;
				CLANG_WARN_DIRECT_OBJC_ISA_USAGE = YES_ERROR;
				CLANG_WARN_DOCUMENTATION_COMMENTS = YES;
				CLANG_WARN_EMPTY_BODY = YES;
				CLANG_WARN_ENUM_CONVERSION = YES;
				CLANG_WARN_INFINITE_RECURSION = YES;
				CLANG_WARN_INT_CONVERSION = YES;
				CLANG_WARN_NON_LITERAL_NULL_CONVERSION = YES;
				CLANG_WARN_OBJC_IMPLICIT_RETAIN_SELF = YES;
				CLANG_WARN_OBJC_LITERAL_CONVERSION = YES;
				CLANG_WARN_OBJC_ROOT_CLASS = YES_ERROR;
				CLANG_WARN_QUOTED_INCLUDE_IN_FRAMEWORK_HEADER = YES;
				CLANG_WARN_RANGE_LOOP_ANALYSIS = YES;
				CLANG_WARN_STRICT_PROTOTYPES = YES;
				CLANG_WARN_SUSPICIOUS_MOVE = YES;
				CLANG_WARN_UNGUARDED_AVAILABILITY = YES_AGGRESSIVE;
				CLANG_WARN_UNREACHABLE_CODE = YES;
				CLANG_WARN__DUPLICATE_METHOD_MATCH = YES;
				COPY_PHASE_STRIP = NO;
				DEBUG_INFORMATION_FORMAT = dwarf;
				ENABLE_STRICT_OBJC_MSGSEND = YES;
				ENABLE_TESTABILITY = YES;
				ENABLE_USER_SCRIPT_SANDBOXING = YES;
				GCC_C_LANGUAGE_STANDARD = gnu17;
				GCC_DYNAMIC_NO_PIC = NO;
				GCC_NO_COMMON_BLOCKS = YES;
				GCC_OPTIMIZATION_LEVEL = 0;
				GCC_PREPROCESSOR_DEFINITIONS = (
					"DEBUG=1",
					"$(inherited)",
				);
				GCC_WARN_64_TO_32_BIT_CONVERSION = YES;
				GCC_WARN_ABOUT_RETURN_TYPE = YES_ERROR;
				GCC_WARN_UNDECLARED_SELECTOR = YES;
				GCC_WARN_UNINITIALIZED_AUTOS = YES_AGGRESSIVE;
				GCC_WARN_UNUSED_FUNCTION = YES;
				GCC_WARN_UNUSED_VARIABLE = YES;
				IPHONEOS_DEPLOYMENT_TARGET = 18.1;
				LOCALIZATION_PREFERS_STRING_CATALOGS = YES;
				MTL_ENABLE_DEBUG_INFO = INCLUDE_SOURCE;
				MTL_FAST_MATH = YES;
				ONLY_ACTIVE_ARCH = YES;
				SDKROOT = iphoneos;
				SWIFT_ACTIVE_COMPILATION_CONDITIONS = "DEBUG $(inherited)";
				SWIFT_OPTIMIZATION_LEVEL = "-Onone";
			};
			name = Debug;
		};
		9938AF932D1E96B00090977E /* Release */ = {
			isa = XCBuildConfiguration;
			buildSettings = {
				ALWAYS_SEARCH_USER_PATHS = NO;
				ASSETCATALOG_COMPILER_GENERATE_SWIFT_ASSET_SYMBOL_EXTENSIONS = YES;
				CLANG_ANALYZER_NONNULL = YES;
				CLANG_ANALYZER_NUMBER_OBJECT_CONVERSION = YES_AGGRESSIVE;
				CLANG_CXX_LANGUAGE_STANDARD = "gnu++20";
				CLANG_ENABLE_MODULES = YES;
				CLANG_ENABLE_OBJC_ARC = YES;
				CLANG_ENABLE_OBJC_WEAK = YES;
				CLANG_WARN_BLOCK_CAPTURE_AUTORELEASING = YES;
				CLANG_WARN_BOOL_CONVERSION = YES;
				CLANG_WARN_COMMA = YES;
				CLANG_WARN_CONSTANT_CONVERSION = YES;
				CLANG_WARN_DEPRECATED_OBJC_IMPLEMENTATIONS = YES;
				CLANG_WARN_DIRECT_OBJC_ISA_USAGE = YES_ERROR;
				CLANG_WARN_DOCUMENTATION_COMMENTS = YES;
				CLANG_WARN_EMPTY_BODY = YES;
				CLANG_WARN_ENUM_CONVERSION = YES;
				CLANG_WARN_INFINITE_RECURSION = YES;
				CLANG_WARN_INT_CONVERSION = YES;
				CLANG_WARN_NON_LITERAL_NULL_CONVERSION = YES;
				CLANG_WARN_OBJC_IMPLICIT_RETAIN_SELF = YES;
				CLANG_WARN_OBJC_LITERAL_CONVERSION = YES;
				CLANG_WARN_OBJC_ROOT_CLASS = YES_ERROR;
				CLANG_WARN_QUOTED_INCLUDE_IN_FRAMEWORK_HEADER = YES;
				CLANG_WARN_RANGE_LOOP_ANALYSIS = YES;
				CLANG_WARN_STRICT_PROTOTYPES = YES;
				CLANG_WARN_SUSPICIOUS_MOVE = YES;
				CLANG_WARN_UNGUARDED_AVAILABILITY = YES_AGGRESSIVE;
				CLANG_WARN_UNREACHABLE_CODE = YES;
				CLANG_WARN__DUPLICATE_METHOD_MATCH = YES;
				COPY_PHASE_STRIP = NO;
				DEBUG_INFORMATION_FORMAT = "dwarf-with-dsym";
				ENABLE_NS_ASSERTIONS = NO;
				ENABLE_STRICT_OBJC_MSGSEND = YES;
				ENABLE_USER_SCRIPT_SANDBOXING = YES;
				GCC_C_LANGUAGE_STANDARD = gnu17;
				GCC_NO_COMMON_BLOCKS = YES;
				GCC_WARN_64_TO_32_BIT_CONVERSION = YES;
				GCC_WARN_ABOUT_RETURN_TYPE = YES_ERROR;
				GCC_WARN_UNDECLARED_SELECTOR = YES;
				GCC_WARN_UNINITIALIZED_AUTOS = YES_AGGRESSIVE;
				GCC_WARN_UNUSED_FUNCTION = YES;
				GCC_WARN_UNUSED_VARIABLE = YES;
				IPHONEOS_DEPLOYMENT_TARGET = 18.1;
				LOCALIZATION_PREFERS_STRING_CATALOGS = YES;
				MTL_ENABLE_DEBUG_INFO = NO;
				MTL_FAST_MATH = YES;
				SDKROOT = iphoneos;
				SWIFT_COMPILATION_MODE = wholemodule;
				VALIDATE_PRODUCT = YES;
			};
			name = Release;
		};
		9938AF952D1E96B00090977E /* Debug */ = {
			isa = XCBuildConfiguration;
			buildSettings = {
				BUNDLE_LOADER = "$(TEST_HOST)";
				CODE_SIGN_STYLE = Automatic;
				CURRENT_PROJECT_VERSION = 1;
				DEVELOPMENT_TEAM = 63SB2B8YJ5;
				GENERATE_INFOPLIST_FILE = YES;
				IPHONEOS_DEPLOYMENT_TARGET = 18.1;
				MARKETING_VERSION = 1.0;
				PRODUCT_BUNDLE_IDENTIFIER = HwangSeokBeom.PokeDexAppTests;
				PRODUCT_NAME = "$(TARGET_NAME)";
				SWIFT_EMIT_LOC_STRINGS = NO;
				SWIFT_VERSION = 5.0;
				TARGETED_DEVICE_FAMILY = "1,2";
				TEST_HOST = "$(BUILT_PRODUCTS_DIR)/PokeDexApp.app/$(BUNDLE_EXECUTABLE_FOLDER_PATH)/PokeDexApp";
			};
			name = Debug;
		};
		9938AF962D1E96B00090977E /* Release */ = {
			isa = XCBuildConfiguration;
			buildSettings = {
				BUNDLE_LOADER = "$(TEST_HOST)";
				CODE_SIGN_STYLE = Automatic;
				CURRENT_PROJECT_VERSION = 1;
				DEVELOPMENT_TEAM = 63SB2B8YJ5;
				GENERATE_INFOPLIST_FILE = YES;
				IPHONEOS_DEPLOYMENT_TARGET = 18.1;
				MARKETING_VERSION = 1.0;
				PRODUCT_BUNDLE_IDENTIFIER = HwangSeokBeom.PokeDexAppTests;
				PRODUCT_NAME = "$(TARGET_NAME)";
				SWIFT_EMIT_LOC_STRINGS = NO;
				SWIFT_VERSION = 5.0;
				TARGETED_DEVICE_FAMILY = "1,2";
				TEST_HOST = "$(BUILT_PRODUCTS_DIR)/PokeDexApp.app/$(BUNDLE_EXECUTABLE_FOLDER_PATH)/PokeDexApp";
			};
			name = Release;
		};
		9938AF982D1E96B00090977E /* Debug */ = {
			isa = XCBuildConfiguration;
			buildSettings = {
				CODE_SIGN_STYLE = Automatic;
				CURRENT_PROJECT_VERSION = 1;
				DEVELOPMENT_TEAM = 63SB2B8YJ5;
				GENERATE_INFOPLIST_FILE = YES;
				MARKETING_VERSION = 1.0;
				PRODUCT_BUNDLE_IDENTIFIER = HwangSeokBeom.PokeDexAppUITests;
				PRODUCT_NAME = "$(TARGET_NAME)";
				SWIFT_EMIT_LOC_STRINGS = NO;
				SWIFT_VERSION = 5.0;
				TARGETED_DEVICE_FAMILY = "1,2";
				TEST_TARGET_NAME = PokeDexApp;
			};
			name = Debug;
		};
		9938AF992D1E96B00090977E /* Release */ = {
			isa = XCBuildConfiguration;
			buildSettings = {
				CODE_SIGN_STYLE = Automatic;
				CURRENT_PROJECT_VERSION = 1;
				DEVELOPMENT_TEAM = 63SB2B8YJ5;
				GENERATE_INFOPLIST_FILE = YES;
				MARKETING_VERSION = 1.0;
				PRODUCT_BUNDLE_IDENTIFIER = HwangSeokBeom.PokeDexAppUITests;
				PRODUCT_NAME = "$(TARGET_NAME)";
				SWIFT_EMIT_LOC_STRINGS = NO;
				SWIFT_VERSION = 5.0;
				TARGETED_DEVICE_FAMILY = "1,2";
				TEST_TARGET_NAME = PokeDexApp;
			};
			name = Release;
		};
/* End XCBuildConfiguration section */

/* Begin XCConfigurationList section */
		9938AF612D1E96AF0090977E /* Build configuration list for PBXProject "PokeDexApp" */ = {
			isa = XCConfigurationList;
			buildConfigurations = (
				9938AF922D1E96B00090977E /* Debug */,
				9938AF932D1E96B00090977E /* Release */,
			);
			defaultConfigurationIsVisible = 0;
			defaultConfigurationName = Release;
		};
		9938AF8F2D1E96B00090977E /* Build configuration list for PBXNativeTarget "PokeDexApp" */ = {
			isa = XCConfigurationList;
			buildConfigurations = (
				9938AF902D1E96B00090977E /* Debug */,
				9938AF912D1E96B00090977E /* Release */,
			);
			defaultConfigurationIsVisible = 0;
			defaultConfigurationName = Release;
		};
		9938AF942D1E96B00090977E /* Build configuration list for PBXNativeTarget "PokeDexAppTests" */ = {
			isa = XCConfigurationList;
			buildConfigurations = (
				9938AF952D1E96B00090977E /* Debug */,
				9938AF962D1E96B00090977E /* Release */,
			);
			defaultConfigurationIsVisible = 0;
			defaultConfigurationName = Release;
		};
		9938AF972D1E96B00090977E /* Build configuration list for PBXNativeTarget "PokeDexAppUITests" */ = {
			isa = XCConfigurationList;
			buildConfigurations = (
				9938AF982D1E96B00090977E /* Debug */,
				9938AF992D1E96B00090977E /* Release */,
			);
			defaultConfigurationIsVisible = 0;
			defaultConfigurationName = Release;
		};
/* End XCConfigurationList section */
	};
	rootObject = 9938AF5E2D1E96AF0090977E /* Project object */;
}
